
Microsoft Visual Studio Solution File, Format Version 12.00
# Visual Studio 15
VisualStudioVersion = 15.0.28307.489
MinimumVisualStudioVersion = 10.0.40219.1
Project("{FAE04EC0-301F-11D3-BF4B-00C04F79EFBC}") = "KindergatenManagement", "KindergatenManagement\KindergatenManagement.csproj", "{D3805192-BB30-4F0A-B14F-BAECDE6FA3EB}"
EndProject
Global
	GlobalSection(SolutionConfigurationPlatforms) = preSolution
		Debug|Any CPU = Debug|Any CPU
		Release|Any CPU = Release|Any CPU
	EndGlobalSection
	GlobalSection(ProjectConfigurationPlatforms) = postSolution
		{D3805192-BB30-4F0A-B14F-BAECDE6FA3EB}.Debug|Any CPU.ActiveCfg = Debug|Any CPU
		{D3805192-BB30-4F0A-B14F-BAECDE6FA3EB}.Debug|Any CPU.Build.0 = Debug|Any CPU
		{D3805192-BB30-4F0A-B14F-BAECDE6FA3EB}.Release|Any CPU.ActiveCfg = Release|Any CPU
		{D3805192-BB30-4F0A-B14F-BAECDE6FA3EB}.Release|Any CPU.Build.0 = Release|Any CPU
	EndGlobalSection
	GlobalSection(SolutionProperties) = preSolution
		HideSolutionNode = FALSE
	EndGlobalSection
	GlobalSection(ExtensibilityGlobals) = postSolution
		SolutionGuid = {1DD5EB2C-926B-467F-B314-80BB606D5BC9}
	EndGlobalSection
EndGlobal
